// !$*UTF8*$!
{
	archiveVersion = 1;
	classes = {
	};
	objectVersion = 56;
	objects = {

/* Begin PBXBuildFile section */
		11C26FB72C85C440007D9BBF /* AppDelegate.swift in Sources */ = {isa = PBXBuildFile; fileRef = 11C26FB62C85C440007D9BBF /* AppDelegate.swift */; };
		11C26FB92C85C440007D9BBF /* SceneDelegate.swift in Sources */ = {isa = PBXBuildFile; fileRef = 11C26FB82C85C440007D9BBF /* SceneDelegate.swift */; };
		11C26FBB2C85C440007D9BBF /* ViewController.swift in Sources */ = {isa = PBXBuildFile; fileRef = 11C26FBA2C85C440007D9BBF /* ViewController.swift */; };
		11C26FBE2C85C440007D9BBF /* Base in Resources */ = {isa = PBXBuildFile; fileRef = 11C26FBD2C85C440007D9BBF /* Base */; };
		11C26FC02C85C441007D9BBF /* Assets.xcassets in Resources */ = {isa = PBXBuildFile; fileRef = 11C26FBF2C85C441007D9BBF /* Assets.xcassets */; };
		11C26FC32C85C441007D9BBF /* Base in Resources */ = {isa = PBXBuildFile; fileRef = 11C26FC22C85C441007D9BBF /* Base */; };
		6AC24479EB6F9108DFF30400 /* Pods_TestingNewFramework.framework in Frameworks */ = {isa = PBXBuildFile; fileRef = E690EA70D1C024DABD57CF5F /* Pods_TestingNewFramework.framework */; };
/* End PBXBuildFile section */

/* Begin PBXFileReference section */
		11C26FB32C85C440007D9BBF /* TestingNewFramework.app */ = {isa = PBXFileReference; explicitFileType = wrapper.application; includeInIndex = 0; path = TestingNewFramework.app; sourceTree = BUILT_PRODUCTS_DIR; };
		11C26FB62C85C440007D9BBF /* AppDelegate.swift */ = {isa = PBXFileReference; lastKnownFileType = sourcecode.swift; path = AppDelegate.swift; sourceTree = "<group>"; };
		11C26FB82C85C440007D9BBF /* SceneDelegate.swift */ = {isa = PBXFileReference; lastKnownFileType = sourcecode.swift; path = SceneDelegate.swift; sourceTree = "<group>"; };
		11C26FBA2C85C440007D9BBF /* ViewController.swift */ = {isa = PBXFileReference; lastKnownFileType = sourcecode.swift; path = ViewController.swift; sourceTree = "<group>"; };
		11C26FBD2C85C440007D9BBF /* Base */ = {isa = PBXFileReference; lastKnownFileType = file.storyboard; name = Base; path = Base.lproj/Main.storyboard; sourceTree = "<group>"; };
		11C26FBF2C85C441007D9BBF /* Assets.xcassets */ = {isa = PBXFileReference; lastKnownFileType = folder.assetcatalog; path = Assets.xcassets; sourceTree = "<group>"; };
		11C26FC22C85C441007D9BBF /* Base */ = {isa = PBXFileReference; lastKnownFileType = file.storyboard; name = Base; path = Base.lproj/LaunchScreen.storyboard; sourceTree = "<group>"; };
		11C26FC42C85C441007D9BBF /* Info.plist */ = {isa = PBXFileReference; lastKnownFileType = text.plist.xml; path = Info.plist; sourceTree = "<group>"; };
		70D3C3CF6799395DF44443F9 /* Pods-TestingNewFramework.release.xcconfig */ = {isa = PBXFileReference; includeInIndex = 1; lastKnownFileType = text.xcconfig; name = "Pods-TestingNewFramework.release.xcconfig"; path = "Target Support Files/Pods-TestingNewFramework/Pods-TestingNewFramework.release.xcconfig"; sourceTree = "<group>"; };
		7E2356395CB42364BD4CB4B6 /* Pods-TestingNewFramework.debug.xcconfig */ = {isa = PBXFileReference; includeInIndex = 1; lastKnownFileType = text.xcconfig; name = "Pods-TestingNewFramework.debug.xcconfig"; path = "Target Support Files/Pods-TestingNewFramework/Pods-TestingNewFramework.debug.xcconfig"; sourceTree = "<group>"; };
		E690EA70D1C024DABD57CF5F /* Pods_TestingNewFramework.framework */ = {isa = PBXFileReference; explicitFileType = wrapper.framework; includeInIndex = 0; path = Pods_TestingNewFramework.framework; sourceTree = BUILT_PRODUCTS_DIR; };
/* End PBXFileReference section */

/* Begin PBXFrameworksBuildPhase section */
		11C26FB02C85C440007D9BBF /* Frameworks */ = {
			isa = PBXFrameworksBuildPhase;
			buildActionMask = 2147483647;
			files = (
				6AC24479EB6F9108DFF30400 /* Pods_TestingNewFramework.framework in Frameworks */,
			);
			runOnlyForDeploymentPostprocessing = 0;
		};
/* End PBXFrameworksBuildPhase section */

/* Begin PBXGroup section */
		11C26FAA2C85C440007D9BBF = {
			isa = PBXGroup;
			children = (
				11C26FB52C85C440007D9BBF /* TestingNewFramework */,
				11C26FB42C85C440007D9BBF /* Products */,
				4F6BBCB2563B7E2001F5BF4B /* Pods */,
				9E69BCB6BFEF0AAB2B3F8827 /* Frameworks */,
			);
			sourceTree = "<group>";
		};
		11C26FB42C85C440007D9BBF /* Products */ = {
			isa = PBXGroup;
			children = (
				11C26FB32C85C440007D9BBF /* TestingNewFramework.app */,
			);
			name = Products;
			sourceTree = "<group>";
		};
		11C26FB52C85C440007D9BBF /* TestingNewFramework */ = {
			isa = PBXGroup;
			children = (
				11C26FB62C85C440007D9BBF /* AppDelegate.swift */,
				11C26FB82C85C440007D9BBF /* SceneDelegate.swift */,
				11C26FBA2C85C440007D9BBF /* ViewController.swift */,
				11C26FBC2C85C440007D9BBF /* Main.storyboard */,
				11C26FBF2C85C441007D9BBF /* Assets.xcassets */,
				11C26FC12C85C441007D9BBF /* LaunchScreen.storyboard */,
				11C26FC42C85C441007D9BBF /* Info.plist */,
			);
			path = TestingNewFramework;
			sourceTree = "<group>";
		};
		4F6BBCB2563B7E2001F5BF4B /* Pods */ = {
			isa = PBXGroup;
			children = (
				7E2356395CB42364BD4CB4B6 /* Pods-TestingNewFramework.debug.xcconfig */,
				70D3C3CF6799395DF44443F9 /* Pods-TestingNewFramework.release.xcconfig */,
			);
			path = Pods;
			sourceTree = "<group>";
		};
		9E69BCB6BFEF0AAB2B3F8827 /* Frameworks */ = {
			isa = PBXGroup;
			children = (
				E690EA70D1C024DABD57CF5F /* Pods_TestingNewFramework.framework */,
			);
			name = Frameworks;
			sourceTree = "<group>";
		};
/* End PBXGroup section */

/* Begin PBXNativeTarget section */
		11C26FB22C85C440007D9BBF /* TestingNewFramework */ = {
			isa = PBXNativeTarget;
			buildConfigurationList = 11C26FC72C85C441007D9BBF /* Build configuration list for PBXNativeTarget "TestingNewFramework" */;
			buildPhases = (
				A2C30F27C381F5B67125582B /* [CP] Check Pods Manifest.lock */,
				11C26FAF2C85C440007D9BBF /* Sources */,
				11C26FB02C85C440007D9BBF /* Frameworks */,
				11C26FB12C85C440007D9BBF /* Resources */,
				C8C80C45AB918672B2477870 /* [CP] Embed Pods Frameworks */,
			);
			buildRules = (
			);
			dependencies = (
			);
			name = TestingNewFramework;
			productName = TestingNewFramework;
			productReference = 11C26FB32C85C440007D9BBF /* TestingNewFramework.app */;
			productType = "com.apple.product-type.application";
		};
/* End PBXNativeTarget section */

/* Begin PBXProject section */
		11C26FAB2C85C440007D9BBF /* Project object */ = {
			isa = PBXProject;
			attributes = {
				BuildIndependentTargetsInParallel = 1;
				LastSwiftUpdateCheck = 1540;
				LastUpgradeCheck = 1540;
				TargetAttributes = {
					11C26FB22C85C440007D9BBF = {
						CreatedOnToolsVersion = 15.4;
					};
				};
			};
			buildConfigurationList = 11C26FAE2C85C440007D9BBF /* Build configuration list for PBXProject "TestingNewFramework" */;
			compatibilityVersion = "Xcode 14.0";
			developmentRegion = en;
			hasScannedForEncodings = 0;
			knownRegions = (
				en,
				Base,
			);
			mainGroup = 11C26FAA2C85C440007D9BBF;
			productRefGroup = 11C26FB42C85C440007D9BBF /* Products */;
			projectDirPath = "";
			projectRoot = "";
			targets = (
				11C26FB22C85C440007D9BBF /* TestingNewFramework */,
			);
		};
/* End PBXProject section */

/* Begin PBXResourcesBuildPhase section */
		11C26FB12C85C440007D9BBF /* Resources */ = {
			isa = PBXResourcesBuildPhase;
			buildActionMask = 2147483647;
			files = (
				11C26FC02C85C441007D9BBF /* Assets.xcassets in Resources */,
				11C26FC32C85C441007D9BBF /* Base in Resources */,
				11C26FBE2C85C440007D9BBF /* Base in Resources */,
			);
			runOnlyForDeploymentPostprocessing = 0;
		};
/* End PBXResourcesBuildPhase section */

/* Begin PBXShellScriptBuildPhase section */
		A2C30F27C381F5B67125582B /* [CP] Check Pods Manifest.lock */ = {
			isa = PBXShellScriptBuildPhase;
			buildActionMask = 2147483647;
			files = (
			);
			inputFileListPaths = (
			);
			inputPaths = (
				"${PODS_PODFILE_DIR_PATH}/Podfile.lock",
				"${PODS_ROOT}/Manifest.lock",
			);
			name = "[CP] Check Pods Manifest.lock";
			outputFileListPaths = (
			);
			outputPaths = (
				"$(DERIVED_FILE_DIR)/Pods-TestingNewFramework-checkManifestLockResult.txt",
			);
			runOnlyForDeploymentPostprocessing = 0;
			shellPath = /bin/sh;
			shellScript = "diff \"${PODS_PODFILE_DIR_PATH}/Podfile.lock\" \"${PODS_ROOT}/Manifest.lock\" > /dev/null\nif [ $? != 0 ] ; then\n    # print error to STDERR\n    echo \"error: The sandbox is not in sync with the Podfile.lock. Run 'pod install' or update your CocoaPods installation.\" >&2\n    exit 1\nfi\n# This output is used by Xcode 'outputs' to avoid re-running this script phase.\necho \"SUCCESS\" > \"${SCRIPT_OUTPUT_FILE_0}\"\n";
			showEnvVarsInLog = 0;
		};
		C8C80C45AB918672B2477870 /* [CP] Embed Pods Frameworks */ = {
			isa = PBXShellScriptBuildPhase;
			buildActionMask = 2147483647;
			files = (
			);
			inputFileListPaths = (
				"${PODS_ROOT}/Target Support Files/Pods-TestingNewFramework/Pods-TestingNewFramework-frameworks-${CONFIGURATION}-input-files.xcfilelist",
			);
			name = "[CP] Embed Pods Frameworks";
			outputFileListPaths = (
				"${PODS_ROOT}/Target Support Files/Pods-TestingNewFramework/Pods-TestingNewFramework-frameworks-${CONFIGURATION}-output-files.xcfilelist",
			);
			runOnlyForDeploymentPostprocessing = 0;
			shellPath = /bin/sh;
			shellScript = "\"${PODS_ROOT}/Target Support Files/Pods-TestingNewFramework/Pods-TestingNewFramework-frameworks.sh\"\n";
			showEnvVarsInLog = 0;
		};
/* End PBXShellScriptBuildPhase section */

/* Begin PBXSourcesBuildPhase section */
		11C26FAF2C85C440007D9BBF /* Sources */ = {
			isa = PBXSourcesBuildPhase;
			buildActionMask = 2147483647;
			files = (
				11C26FBB2C85C440007D9BBF /* ViewController.swift in Sources */,
				11C26FB72C85C440007D9BBF /* AppDelegate.swift in Sources */,
				11C26FB92C85C440007D9BBF /* SceneDelegate.swift in Sources */,
			);
			runOnlyForDeploymentPostprocessing = 0;
		};
/* End PBXSourcesBuildPhase section */

/* Begin PBXVariantGroup section */
		11C26FBC2C85C440007D9BBF /* Main.storyboard */ = {
			isa = PBXVariantGroup;
			children = (
				11C26FBD2C85C440007D9BBF /* Base */,
			);
			name = Main.storyboard;
			sourceTree = "<group>";
		};
		11C26FC12C85C441007D9BBF /* LaunchScreen.storyboard */ = {
			isa = PBXVariantGroup;
			children = (
				11C26FC22C85C441007D9BBF /* Base */,
			);
			name = LaunchScreen.storyboard;
			sourceTree = "<group>";
		};
/* End PBXVariantGroup section */

/* Begin XCBuildConfiguration section */
		11C26FC52C85C441007D9BBF /* Debug */ = {
			isa = XCBuildConfiguration;
			buildSettings = {
				ALWAYS_SEARCH_USER_PATHS = NO;
				ASSETCATALOG_COMPILER_GENERATE_SWIFT_ASSET_SYMBOL_EXTENSIONS = YES;
				CLANG_ANALYZER_NONNULL = YES;
				CLANG_ANALYZER_NUMBER_OBJECT_CONVERSION = YES_AGGRESSIVE;
				CLANG_CXX_LANGUAGE_STANDARD = "gnu++20";
				CLANG_ENABLE_MODULES = YES;
				CLANG_ENABLE_OBJC_ARC = YES;
				CLANG_ENABLE_OBJC_WEAK = YES;
				CLANG_WARN_BLOCK_CAPTURE_AUTORELEASING = YES;
				CLANG_WARN_BOOL_CONVERSION = YES;
				CLANG_WARN_COMMA = YES;
				CLANG_WARN_CONSTANT_CONVERSION = YES;
				CLANG_WARN_DEPRECATED_OBJC_IMPLEMENTATIONS = YES;
				CLANG_WARN_DIRECT_OBJC_ISA_USAGE = YES_ERROR;
				CLANG_WARN_DOCUMENTATION_COMMENTS = YES;
				CLANG_WARN_EMPTY_BODY = YES;
				CLANG_WARN_ENUM_CONVERSION = YES;
				CLANG_WARN_INFINITE_RECURSION = YES;
				CLANG_WARN_INT_CONVERSION = YES;
				CLANG_WARN_NON_LITERAL_NULL_CONVERSION = YES;
				CLANG_WARN_OBJC_IMPLICIT_RETAIN_SELF = YES;
				CLANG_WARN_OBJC_LITERAL_CONVERSION = YES;
				CLANG_WARN_OBJC_ROOT_CLASS = YES_ERROR;
				CLANG_WARN_QUOTED_INCLUDE_IN_FRAMEWORK_HEADER = YES;
				CLANG_WARN_RANGE_LOOP_ANALYSIS = YES;
				CLANG_WARN_STRICT_PROTOTYPES = YES;
				CLANG_WARN_SUSPICIOUS_MOVE = YES;
				CLANG_WARN_UNGUARDED_AVAILABILITY = YES_AGGRESSIVE;
				CLANG_WARN_UNREACHABLE_CODE = YES;
				CLANG_WARN__DUPLICATE_METHOD_MATCH = YES;
				COPY_PHASE_STRIP = NO;
				DEBUG_INFORMATION_FORMAT = dwarf;
				ENABLE_STRICT_OBJC_MSGSEND = YES;
				ENABLE_TESTABILITY = YES;
				ENABLE_USER_SCRIPT_SANDBOXING = NO;
				GCC_C_LANGUAGE_STANDARD = gnu17;
				GCC_DYNAMIC_NO_PIC = NO;
				GCC_NO_COMMON_BLOCKS = YES;
				GCC_OPTIMIZATION_LEVEL = 0;
				GCC_PREPROCESSOR_DEFINITIONS = (
					"DEBUG=1",
					"$(inherited)",
				);
				GCC_WARN_64_TO_32_BIT_CONVERSION = YES;
				GCC_WARN_ABOUT_RETURN_TYPE = YES_ERROR;
				GCC_WARN_UNDECLARED_SELECTOR = YES;
				GCC_WARN_UNINITIALIZED_AUTOS = YES_AGGRESSIVE;
				GCC_WARN_UNUSED_FUNCTION = YES;
				GCC_WARN_UNUSED_VARIABLE = YES;
				IPHONEOS_DEPLOYMENT_TARGET = 17.5;
				LOCALIZATION_PREFERS_STRING_CATALOGS = YES;
				MTL_ENABLE_DEBUG_INFO = INCLUDE_SOURCE;
				MTL_FAST_MATH = YES;
				ONLY_ACTIVE_ARCH = YES;
				SDKROOT = iphoneos;
				SWIFT_ACTIVE_COMPILATION_CONDITIONS = "DEBUG $(inherited)";
				SWIFT_OPTIMIZATION_LEVEL = "-Onone";
			};
			name = Debug;
		};
		11C26FC62C85C441007D9BBF /* Release */ = {
			isa = XCBuildConfiguration;
			buildSettings = {
				ALWAYS_SEARCH_USER_PATHS = NO;
				ASSETCATALOG_COMPILER_GENERATE_SWIFT_ASSET_SYMBOL_EXTENSIONS = YES;
				CLANG_ANALYZER_NONNULL = YES;
				CLANG_ANALYZER_NUMBER_OBJECT_CONVERSION = YES_AGGRESSIVE;
				CLANG_CXX_LANGUAGE_STANDARD = "gnu++20";
				CLANG_ENABLE_MODULES = YES;
				CLANG_ENABLE_OBJC_ARC = YES;
				CLANG_ENABLE_OBJC_WEAK = YES;
				CLANG_WARN_BLOCK_CAPTURE_AUTORELEASING = YES;
				CLANG_WARN_BOOL_CONVERSION = YES;
				CLANG_WARN_COMMA = YES;
				CLANG_WARN_CONSTANT_CONVERSION = YES;
				CLANG_WARN_DEPRECATED_OBJC_IMPLEMENTATIONS = YES;
				CLANG_WARN_DIRECT_OBJC_ISA_USAGE = YES_ERROR;
				CLANG_WARN_DOCUMENTATION_COMMENTS = YES;
				CLANG_WARN_EMPTY_BODY = YES;
				CLANG_WARN_ENUM_CONVERSION = YES;
				CLANG_WARN_INFINITE_RECURSION = YES;
				CLANG_WARN_INT_CONVERSION = YES;
				CLANG_WARN_NON_LITERAL_NULL_CONVERSION = YES;
				CLANG_WARN_OBJC_IMPLICIT_RETAIN_SELF = YES;
				CLANG_WARN_OBJC_LITERAL_CONVERSION = YES;
				CLANG_WARN_OBJC_ROOT_CLASS = YES_ERROR;
				CLANG_WARN_QUOTED_INCLUDE_IN_FRAMEWORK_HEADER = YES;
				CLANG_WARN_RANGE_LOOP_ANALYSIS = YES;
				CLANG_WARN_STRICT_PROTOTYPES = YES;
				CLANG_WARN_SUSPICIOUS_MOVE = YES;
				CLANG_WARN_UNGUARDED_AVAILABILITY = YES_AGGRESSIVE;
				CLANG_WARN_UNREACHABLE_CODE = YES;
				CLANG_WARN__DUPLICATE_METHOD_MATCH = YES;
				COPY_PHASE_STRIP = NO;
				DEBUG_INFORMATION_FORMAT = "dwarf-with-dsym";
				ENABLE_NS_ASSERTIONS = NO;
				ENABLE_STRICT_OBJC_MSGSEND = YES;
				ENABLE_USER_SCRIPT_SANDBOXING = NO;
				GCC_C_LANGUAGE_STANDARD = gnu17;
				GCC_NO_COMMON_BLOCKS = YES;
				GCC_WARN_64_TO_32_BIT_CONVERSION = YES;
				GCC_WARN_ABOUT_RETURN_TYPE = YES_ERROR;
				GCC_WARN_UNDECLARED_SELECTOR = YES;
				GCC_WARN_UNINITIALIZED_AUTOS = YES_AGGRESSIVE;
				GCC_WARN_UNUSED_FUNCTION = YES;
				GCC_WARN_UNUSED_VARIABLE = YES;
				IPHONEOS_DEPLOYMENT_TARGET = 17.5;
				LOCALIZATION_PREFERS_STRING_CATALOGS = YES;
				MTL_ENABLE_DEBUG_INFO = NO;
				MTL_FAST_MATH = YES;
				SDKROOT = iphoneos;
				SWIFT_COMPILATION_MODE = wholemodule;
				VALIDATE_PRODUCT = YES;
			};
			name = Release;
		};
		11C26FC82C85C441007D9BBF /* Debug */ = {
			isa = XCBuildConfiguration;
			baseConfigurationReference = 7E2356395CB42364BD4CB4B6 /* Pods-TestingNewFramework.debug.xcconfig */;
			buildSettings = {
				ASSETCATALOG_COMPILER_APPICON_NAME = AppIcon;
				ASSETCATALOG_COMPILER_GLOBAL_ACCENT_COLOR_NAME = AccentColor;
				CODE_SIGN_STYLE = Automatic;
				CURRENT_PROJECT_VERSION = 1;
				DEVELOPMENT_TEAM = D2QT6FJZT3;
				GENERATE_INFOPLIST_FILE = YES;
				INFOPLIST_FILE = TestingNewFramework/Info.plist;
				INFOPLIST_KEY_UIApplicationSupportsIndirectInputEvents = YES;
				INFOPLIST_KEY_UILaunchStoryboardName = LaunchScreen;
				INFOPLIST_KEY_UIMainStoryboardFile = Main;
				INFOPLIST_KEY_UISupportedInterfaceOrientations_iPad = "UIInterfaceOrientationPortrait UIInterfaceOrientationPortraitUpsideDown UIInterfaceOrientationLandscapeLeft UIInterfaceOrientationLandscapeRight";
				INFOPLIST_KEY_UISupportedInterfaceOrientations_iPhone = "UIInterfaceOrientationPortrait UIInterfaceOrientationLandscapeLeft UIInterfaceOrientationLandscapeRight";
				LD_RUNPATH_SEARCH_PATHS = (
					"$(inherited)",
					"@executable_path/Frameworks",
				);
				MARKETING_VERSION = 1.0;
				PRODUCT_BUNDLE_IDENTIFIER = com.visioapps.TestingNewFramework;
				PRODUCT_NAME = "$(TARGET_NAME)";
				SWIFT_EMIT_LOC_STRINGS = YES;
				SWIFT_VERSION = 5.0;
				TARGETED_DEVICE_FAMILY = "1,2";
			};
			name = Debug;
		};
		11C26FC92C85C441007D9BBF /* Release */ = {
			isa = XCBuildConfiguration;
			baseConfigurationReference = 70D3C3CF6799395DF44443F9 /* Pods-TestingNewFramework.release.xcconfig */;
			buildSettings = {
				ASSETCATALOG_COMPILER_APPICON_NAME = AppIcon;
				ASSETCATALOG_COMPILER_GLOBAL_ACCENT_COLOR_NAME = AccentColor;
				CODE_SIGN_STYLE = Automatic;
				CURRENT_PROJECT_VERSION = 1;
				DEVELOPMENT_TEAM = D2QT6FJZT3;
				GENERATE_INFOPLIST_FILE = YES;
				INFOPLIST_FILE = TestingNewFramework/Info.plist;
				INFOPLIST_KEY_UIApplicationSupportsIndirectInputEvents = YES;
				INFOPLIST_KEY_UILaunchStoryboardName = LaunchScreen;
				INFOPLIST_KEY_UIMainStoryboardFile = Main;
				INFOPLIST_KEY_UISupportedInterfaceOrientations_iPad = "UIInterfaceOrientationPortrait UIInterfaceOrientationPortraitUpsideDown UIInterfaceOrientationLandscapeLeft UIInterfaceOrientationLandscapeRight";
				INFOPLIST_KEY_UISupportedInterfaceOrientations_iPhone = "UIInterfaceOrientationPortrait UIInterfaceOrientationLandscapeLeft UIInterfaceOrientationLandscapeRight";
				LD_RUNPATH_SEARCH_PATHS = (
					"$(inherited)",
					"@executable_path/Frameworks",
				);
				MARKETING_VERSION = 1.0;
				PRODUCT_BUNDLE_IDENTIFIER = com.visioapps.TestingNewFramework;
				PRODUCT_NAME = "$(TARGET_NAME)";
				SWIFT_EMIT_LOC_STRINGS = YES;
				SWIFT_VERSION = 5.0;
				TARGETED_DEVICE_FAMILY = "1,2";
			};
			name = Release;
		};
/* End XCBuildConfiguration section */

/* Begin XCConfigurationList section */
		11C26FAE2C85C440007D9BBF /* Build configuration list for PBXProject "TestingNewFramework" */ = {
			isa = XCConfigurationList;
			buildConfigurations = (
				11C26FC52C85C441007D9BBF /* Debug */,
				11C26FC62C85C441007D9BBF /* Release */,
			);
			defaultConfigurationIsVisible = 0;
			defaultConfigurationName = Release;
		};
		11C26FC72C85C441007D9BBF /* Build configuration list for PBXNativeTarget "TestingNewFramework" */ = {
			isa = XCConfigurationList;
			buildConfigurations = (
				11C26FC82C85C441007D9BBF /* Debug */,
				11C26FC92C85C441007D9BBF /* Release */,
			);
			defaultConfigurationIsVisible = 0;
			defaultConfigurationName = Release;
		};
/* End XCConfigurationList section */
	};
	rootObject = 11C26FAB2C85C440007D9BBF /* Project object */;
}
